// !$*UTF8*$!
{
	archiveVersion = 1;
	classes = {
	};
	objectVersion = 50;
	objects = {

/* Begin PBXBuildFile section */
		7F716D1B26A116E8001D782E /* AppDelegate.swift in Sources */ = {isa = PBXBuildFile; fileRef = 7F716D1A26A116E8001D782E /* AppDelegate.swift */; };
		7F716D1D26A116E8001D782E /* SceneDelegate.swift in Sources */ = {isa = PBXBuildFile; fileRef = 7F716D1C26A116E8001D782E /* SceneDelegate.swift */; };
		7F716D1F26A116E8001D782E /* ViewController.swift in Sources */ = {isa = PBXBuildFile; fileRef = 7F716D1E26A116E8001D782E /* ViewController.swift */; };
		7F716D2226A116E8001D782E /* Main.storyboard in Resources */ = {isa = PBXBuildFile; fileRef = 7F716D2026A116E8001D782E /* Main.storyboard */; };
		7F716D2426A116EB001D782E /* Assets.xcassets in Resources */ = {isa = PBXBuildFile; fileRef = 7F716D2326A116EB001D782E /* Assets.xcassets */; };
		7F716D2726A116EB001D782E /* LaunchScreen.storyboard in Resources */ = {isa = PBXBuildFile; fileRef = 7F716D2526A116EB001D782E /* LaunchScreen.storyboard */; };
		7F716D2F26A117D9001D782E /* GoogleService-Info.plist in Resources */ = {isa = PBXBuildFile; fileRef = 7F716D2E26A117D9001D782E /* GoogleService-Info.plist */; };
		C975406A3BA140046A5A362B /* Pods_RealtimeDatabase.framework in Frameworks */ = {isa = PBXBuildFile; fileRef = 8D940AE0BED7E09AC97BDD54 /* Pods_RealtimeDatabase.framework */; };
/* End PBXBuildFile section */

/* Begin PBXFileReference section */
		1CB3DE9B7CAFC7DF0D38F9D8 /* Pods-RealtimeDatabase.release.xcconfig */ = {isa = PBXFileReference; includeInIndex = 1; lastKnownFileType = text.xcconfig; name = "Pods-RealtimeDatabase.release.xcconfig"; path = "Target Support Files/Pods-RealtimeDatabase/Pods-RealtimeDatabase.release.xcconfig"; sourceTree = "<group>"; };
		7F716D1726A116E8001D782E /* RealtimeDatabase.app */ = {isa = PBXFileReference; explicitFileType = wrapper.application; includeInIndex = 0; path = RealtimeDatabase.app; sourceTree = BUILT_PRODUCTS_DIR; };
		7F716D1A26A116E8001D782E /* AppDelegate.swift */ = {isa = PBXFileReference; lastKnownFileType = sourcecode.swift; path = AppDelegate.swift; sourceTree = "<group>"; };
		7F716D1C26A116E8001D782E /* SceneDelegate.swift */ = {isa = PBXFileReference; lastKnownFileType = sourcecode.swift; path = SceneDelegate.swift; sourceTree = "<group>"; };
		7F716D1E26A116E8001D782E /* ViewController.swift */ = {isa = PBXFileReference; lastKnownFileType = sourcecode.swift; path = ViewController.swift; sourceTree = "<group>"; };
		7F716D2126A116E8001D782E /* Base */ = {isa = PBXFileReference; lastKnownFileType = file.storyboard; name = Base; path = Base.lproj/Main.storyboard; sourceTree = "<group>"; };
		7F716D2326A116EB001D782E /* Assets.xcassets */ = {isa = PBXFileReference; lastKnownFileType = folder.assetcatalog; path = Assets.xcassets; sourceTree = "<group>"; };
		7F716D2626A116EB001D782E /* Base */ = {isa = PBXFileReference; lastKnownFileType = file.storyboard; name = Base; path = Base.lproj/LaunchScreen.storyboard; sourceTree = "<group>"; };
		7F716D2826A116EB001D782E /* Info.plist */ = {isa = PBXFileReference; lastKnownFileType = text.plist.xml; path = Info.plist; sourceTree = "<group>"; };
		7F716D2E26A117D9001D782E /* GoogleService-Info.plist */ = {isa = PBXFileReference; fileEncoding = 4; lastKnownFileType = text.plist.xml; name = "GoogleService-Info.plist"; path = "../../../../../../Downloads/GoogleService-Info.plist"; sourceTree = "<group>"; };
		8D940AE0BED7E09AC97BDD54 /* Pods_RealtimeDatabase.framework */ = {isa = PBXFileReference; explicitFileType = wrapper.framework; includeInIndex = 0; path = Pods_RealtimeDatabase.framework; sourceTree = BUILT_PRODUCTS_DIR; };
		9C1C288782959190739C796A /* Pods-RealtimeDatabase.debug.xcconfig */ = {isa = PBXFileReference; includeInIndex = 1; lastKnownFileType = text.xcconfig; name = "Pods-RealtimeDatabase.debug.xcconfig"; path = "Target Support Files/Pods-RealtimeDatabase/Pods-RealtimeDatabase.debug.xcconfig"; sourceTree = "<group>"; };
/* End PBXFileReference section */

/* Begin PBXFrameworksBuildPhase section */
		7F716D1426A116E8001D782E /* Frameworks */ = {
			isa = PBXFrameworksBuildPhase;
			buildActionMask = 2147483647;
			files = (
				C975406A3BA140046A5A362B /* Pods_RealtimeDatabase.framework in Frameworks */,
			);
			runOnlyForDeploymentPostprocessing = 0;
		};
/* End PBXFrameworksBuildPhase section */

/* Begin PBXGroup section */
		7F716D0E26A116E8001D782E = {
			isa = PBXGroup;
			children = (
				7F716D1926A116E8001D782E /* RealtimeDatabase */,
				7F716D1826A116E8001D782E /* Products */,
				C1B687A10726FDC03B7A7649 /* Pods */,
				CBCFEAED3D916A491724463A /* Frameworks */,
			);
			sourceTree = "<group>";
		};
		7F716D1826A116E8001D782E /* Products */ = {
			isa = PBXGroup;
			children = (
				7F716D1726A116E8001D782E /* RealtimeDatabase.app */,
			);
			name = Products;
			sourceTree = "<group>";
		};
		7F716D1926A116E8001D782E /* RealtimeDatabase */ = {
			isa = PBXGroup;
			children = (
				7F716D1A26A116E8001D782E /* AppDelegate.swift */,
				7F716D1C26A116E8001D782E /* SceneDelegate.swift */,
				7F716D1E26A116E8001D782E /* ViewController.swift */,
				7F716D2026A116E8001D782E /* Main.storyboard */,
				7F716D2326A116EB001D782E /* Assets.xcassets */,
				7F716D2526A116EB001D782E /* LaunchScreen.storyboard */,
				7F716D2826A116EB001D782E /* Info.plist */,
				7F716D2E26A117D9001D782E /* GoogleService-Info.plist */,
			);
			path = RealtimeDatabase;
			sourceTree = "<group>";
		};
		C1B687A10726FDC03B7A7649 /* Pods */ = {
			isa = PBXGroup;
			children = (
				9C1C288782959190739C796A /* Pods-RealtimeDatabase.debug.xcconfig */,
				1CB3DE9B7CAFC7DF0D38F9D8 /* Pods-RealtimeDatabase.release.xcconfig */,
			);
			name = Pods;
			path = Pods;
			sourceTree = "<group>";
		};
		CBCFEAED3D916A491724463A /* Frameworks */ = {
			isa = PBXGroup;
			children = (
				8D940AE0BED7E09AC97BDD54 /* Pods_RealtimeDatabase.framework */,
			);
			name = Frameworks;
			sourceTree = "<group>";
		};
/* End PBXGroup section */

/* Begin PBXNativeTarget section */
		7F716D1626A116E8001D782E /* RealtimeDatabase */ = {
			isa = PBXNativeTarget;
			buildConfigurationList = 7F716D2B26A116EB001D782E /* Build configuration list for PBXNativeTarget "RealtimeDatabase" */;
			buildPhases = (
				7165A3A4BD1063C2425BB5A3 /* [CP] Check Pods Manifest.lock */,
				7F716D1326A116E8001D782E /* Sources */,
				7F716D1426A116E8001D782E /* Frameworks */,
				7F716D1526A116E8001D782E /* Resources */,
				0EA4C5C115993FB7A1AB2334 /* [CP] Embed Pods Frameworks */,
			);
			buildRules = (
			);
			dependencies = (
			);
			name = RealtimeDatabase;
			productName = RealtimeDatabase;
			productReference = 7F716D1726A116E8001D782E /* RealtimeDatabase.app */;
			productType = "com.apple.product-type.application";
		};
/* End PBXNativeTarget section */

/* Begin PBXProject section */
		7F716D0F26A116E8001D782E /* Project object */ = {
			isa = PBXProject;
			attributes = {
				LastSwiftUpdateCheck = 1250;
				LastUpgradeCheck = 1250;
				TargetAttributes = {
					7F716D1626A116E8001D782E = {
						CreatedOnToolsVersion = 12.5.1;
					};
				};
			};
			buildConfigurationList = 7F716D1226A116E8001D782E /* Build configuration list for PBXProject "RealtimeDatabase" */;
			compatibilityVersion = "Xcode 9.3";
			developmentRegion = en;
			hasScannedForEncodings = 0;
			knownRegions = (
				en,
				Base,
			);
			mainGroup = 7F716D0E26A116E8001D782E;
			productRefGroup = 7F716D1826A116E8001D782E /* Products */;
			projectDirPath = "";
			projectRoot = "";
			targets = (
				7F716D1626A116E8001D782E /* RealtimeDatabase */,
			);
		};
/* End PBXProject section */

/* Begin PBXResourcesBuildPhase section */
		7F716D1526A116E8001D782E /* Resources */ = {
			isa = PBXResourcesBuildPhase;
			buildActionMask = 2147483647;
			files = (
				7F716D2726A116EB001D782E /* LaunchScreen.storyboard in Resources */,
				7F716D2F26A117D9001D782E /* GoogleService-Info.plist in Resources */,
				7F716D2426A116EB001D782E /* Assets.xcassets in Resources */,
				7F716D2226A116E8001D782E /* Main.storyboard in Resources */,
			);
			runOnlyForDeploymentPostprocessing = 0;
		};
/* End PBXResourcesBuildPhase section */

/* Begin PBXShellScriptBuildPhase section */
		0EA4C5C115993FB7A1AB2334 /* [CP] Embed Pods Frameworks */ = {
			isa = PBXShellScriptBuildPhase;
			buildActionMask = 2147483647;
			files = (
			);
			inputFileListPaths = (
				"${PODS_ROOT}/Target Support Files/Pods-RealtimeDatabase/Pods-RealtimeDatabase-frameworks-${CONFIGURATION}-input-files.xcfilelist",
			);
			name = "[CP] Embed Pods Frameworks";
			outputFileListPaths = (
				"${PODS_ROOT}/Target Support Files/Pods-RealtimeDatabase/Pods-RealtimeDatabase-frameworks-${CONFIGURATION}-output-files.xcfilelist",
			);
			runOnlyForDeploymentPostprocessing = 0;
			shellPath = /bin/sh;
			shellScript = "\"${PODS_ROOT}/Target Support Files/Pods-RealtimeDatabase/Pods-RealtimeDatabase-frameworks.sh\"\n";
			showEnvVarsInLog = 0;
		};
		7165A3A4BD1063C2425BB5A3 /* [CP] Check Pods Manifest.lock */ = {
			isa = PBXShellScriptBuildPhase;
			buildActionMask = 2147483647;
			files = (
			);
			inputFileListPaths = (
			);
			inputPaths = (
				"${PODS_PODFILE_DIR_PATH}/Podfile.lock",
				"${PODS_ROOT}/Manifest.lock",
			);
			name = "[CP] Check Pods Manifest.lock";
			outputFileListPaths = (
			);
			outputPaths = (
				"$(DERIVED_FILE_DIR)/Pods-RealtimeDatabase-checkManifestLockResult.txt",
			);
			runOnlyForDeploymentPostprocessing = 0;
			shellPath = /bin/sh;
			shellScript = "diff \"${PODS_PODFILE_DIR_PATH}/Podfile.lock\" \"${PODS_ROOT}/Manifest.lock\" > /dev/null\nif [ $? != 0 ] ; then\n    # print error to STDERR\n    echo \"error: The sandbox is not in sync with the Podfile.lock. Run 'pod install' or update your CocoaPods installation.\" >&2\n    exit 1\nfi\n# This output is used by Xcode 'outputs' to avoid re-running this script phase.\necho \"SUCCESS\" > \"${SCRIPT_OUTPUT_FILE_0}\"\n";
			showEnvVarsInLog = 0;
		};
/* End PBXShellScriptBuildPhase section */

/* Begin PBXSourcesBuildPhase section */
		7F716D1326A116E8001D782E /* Sources */ = {
			isa = PBXSourcesBuildPhase;
			buildActionMask = 2147483647;
			files = (
				7F716D1F26A116E8001D782E /* ViewController.swift in Sources */,
				7F716D1B26A116E8001D782E /* AppDelegate.swift in Sources */,
				7F716D1D26A116E8001D782E /* SceneDelegate.swift in Sources */,
			);
			runOnlyForDeploymentPostprocessing = 0;
		};
/* End PBXSourcesBuildPhase section */

/* Begin PBXVariantGroup section */
		7F716D2026A116E8001D782E /* Main.storyboard */ = {
			isa = PBXVariantGroup;
			children = (
				7F716D2126A116E8001D782E /* Base */,
			);
			name = Main.storyboard;
			sourceTree = "<group>";
		};
		7F716D2526A116EB001D782E /* LaunchScreen.storyboard */ = {
			isa = PBXVariantGroup;
			children = (
				7F716D2626A116EB001D782E /* Base */,
			);
			name = LaunchScreen.storyboard;
			sourceTree = "<group>";
		};
/* End PBXVariantGroup section */

/* Begin XCBuildConfiguration section */
		7F716D2926A116EB001D782E /* Debug */ = {
			isa = XCBuildConfiguration;
			buildSettings = {
				ALWAYS_SEARCH_USER_PATHS = NO;
				CLANG_ANALYZER_NONNULL = YES;
				CLANG_ANALYZER_NUMBER_OBJECT_CONVERSION = YES_AGGRESSIVE;
				CLANG_CXX_LANGUAGE_STANDARD = "gnu++14";
				CLANG_CXX_LIBRARY = "libc++";
				CLANG_ENABLE_MODULES = YES;
				CLANG_ENABLE_OBJC_ARC = YES;
				CLANG_ENABLE_OBJC_WEAK = YES;
				CLANG_WARN_BLOCK_CAPTURE_AUTORELEASING = YES;
				CLANG_WARN_BOOL_CONVERSION = YES;
				CLANG_WARN_COMMA = YES;
				CLANG_WARN_CONSTANT_CONVERSION = YES;
				CLANG_WARN_DEPRECATED_OBJC_IMPLEMENTATIONS = YES;
				CLANG_WARN_DIRECT_OBJC_ISA_USAGE = YES_ERROR;
				CLANG_WARN_DOCUMENTATION_COMMENTS = YES;
				CLANG_WARN_EMPTY_BODY = YES;
				CLANG_WARN_ENUM_CONVERSION = YES;
				CLANG_WARN_INFINITE_RECURSION = YES;
				CLANG_WARN_INT_CONVERSION = YES;
				CLANG_WARN_NON_LITERAL_NULL_CONVERSION = YES;
				CLANG_WARN_OBJC_IMPLICIT_RETAIN_SELF = YES;
				CLANG_WARN_OBJC_LITERAL_CONVERSION = YES;
				CLANG_WARN_OBJC_ROOT_CLASS = YES_ERROR;
				CLANG_WARN_QUOTED_INCLUDE_IN_FRAMEWORK_HEADER = YES;
				CLANG_WARN_RANGE_LOOP_ANALYSIS = YES;
				CLANG_WARN_STRICT_PROTOTYPES = YES;
				CLANG_WARN_SUSPICIOUS_MOVE = YES;
				CLANG_WARN_UNGUARDED_AVAILABILITY = YES_AGGRESSIVE;
				CLANG_WARN_UNREACHABLE_CODE = YES;
				CLANG_WARN__DUPLICATE_METHOD_MATCH = YES;
				COPY_PHASE_STRIP = NO;
				DEBUG_INFORMATION_FORMAT = dwarf;
				ENABLE_STRICT_OBJC_MSGSEND = YES;
				ENABLE_TESTABILITY = YES;
				GCC_C_LANGUAGE_STANDARD = gnu11;
				GCC_DYNAMIC_NO_PIC = NO;
				GCC_NO_COMMON_BLOCKS = YES;
				GCC_OPTIMIZATION_LEVEL = 0;
				GCC_PREPROCESSOR_DEFINITIONS = (
					"DEBUG=1",
					"$(inherited)",
				);
				GCC_WARN_64_TO_32_BIT_CONVERSION = YES;
				GCC_WARN_ABOUT_RETURN_TYPE = YES_ERROR;
				GCC_WARN_UNDECLARED_SELECTOR = YES;
				GCC_WARN_UNINITIALIZED_AUTOS = YES_AGGRESSIVE;
				GCC_WARN_UNUSED_FUNCTION = YES;
				GCC_WARN_UNUSED_VARIABLE = YES;
				IPHONEOS_DEPLOYMENT_TARGET = 14.5;
				MTL_ENABLE_DEBUG_INFO = INCLUDE_SOURCE;
				MTL_FAST_MATH = YES;
				ONLY_ACTIVE_ARCH = YES;
				SDKROOT = iphoneos;
				SWIFT_ACTIVE_COMPILATION_CONDITIONS = DEBUG;
				SWIFT_OPTIMIZATION_LEVEL = "-Onone";
			};
			name = Debug;
		};
		7F716D2A26A116EB001D782E /* Release */ = {
			isa = XCBuildConfiguration;
			buildSettings = {
				ALWAYS_SEARCH_USER_PATHS = NO;
				CLANG_ANALYZER_NONNULL = YES;
				CLANG_ANALYZER_NUMBER_OBJECT_CONVERSION = YES_AGGRESSIVE;
				CLANG_CXX_LANGUAGE_STANDARD = "gnu++14";
				CLANG_CXX_LIBRARY = "libc++";
				CLANG_ENABLE_MODULES = YES;
				CLANG_ENABLE_OBJC_ARC = YES;
				CLANG_ENABLE_OBJC_WEAK = YES;
				CLANG_WARN_BLOCK_CAPTURE_AUTORELEASING = YES;
				CLANG_WARN_BOOL_CONVERSION = YES;
				CLANG_WARN_COMMA = YES;
				CLANG_WARN_CONSTANT_CONVERSION = YES;
				CLANG_WARN_DEPRECATED_OBJC_IMPLEMENTATIONS = YES;
				CLANG_WARN_DIRECT_OBJC_ISA_USAGE = YES_ERROR;
				CLANG_WARN_DOCUMENTATION_COMMENTS = YES;
				CLANG_WARN_EMPTY_BODY = YES;
				CLANG_WARN_ENUM_CONVERSION = YES;
				CLANG_WARN_INFINITE_RECURSION = YES;
				CLANG_WARN_INT_CONVERSION = YES;
				CLANG_WARN_NON_LITERAL_NULL_CONVERSION = YES;
				CLANG_WARN_OBJC_IMPLICIT_RETAIN_SELF = YES;
				CLANG_WARN_OBJC_LITERAL_CONVERSION = YES;
				CLANG_WARN_OBJC_ROOT_CLASS = YES_ERROR;
				CLANG_WARN_QUOTED_INCLUDE_IN_FRAMEWORK_HEADER = YES;
				CLANG_WARN_RANGE_LOOP_ANALYSIS = YES;
				CLANG_WARN_STRICT_PROTOTYPES = YES;
				CLANG_WARN_SUSPICIOUS_MOVE = YES;
				CLANG_WARN_UNGUARDED_AVAILABILITY = YES_AGGRESSIVE;
				CLANG_WARN_UNREACHABLE_CODE = YES;
				CLANG_WARN__DUPLICATE_METHOD_MATCH = YES;
				COPY_PHASE_STRIP = NO;
				DEBUG_INFORMATION_FORMAT = "dwarf-with-dsym";
				ENABLE_NS_ASSERTIONS = NO;
				ENABLE_STRICT_OBJC_MSGSEND = YES;
				GCC_C_LANGUAGE_STANDARD = gnu11;
				GCC_NO_COMMON_BLOCKS = YES;
				GCC_WARN_64_TO_32_BIT_CONVERSION = YES;
				GCC_WARN_ABOUT_RETURN_TYPE = YES_ERROR;
				GCC_WARN_UNDECLARED_SELECTOR = YES;
				GCC_WARN_UNINITIALIZED_AUTOS = YES_AGGRESSIVE;
				GCC_WARN_UNUSED_FUNCTION = YES;
				GCC_WARN_UNUSED_VARIABLE = YES;
				IPHONEOS_DEPLOYMENT_TARGET = 14.5;
				MTL_ENABLE_DEBUG_INFO = NO;
				MTL_FAST_MATH = YES;
				SDKROOT = iphoneos;
				SWIFT_COMPILATION_MODE = wholemodule;
				SWIFT_OPTIMIZATION_LEVEL = "-O";
				VALIDATE_PRODUCT = YES;
			};
			name = Release;
		};
		7F716D2C26A116EB001D782E /* Debug */ = {
			isa = XCBuildConfiguration;
			baseConfigurationReference = 9C1C288782959190739C796A /* Pods-RealtimeDatabase.debug.xcconfig */;
			buildSettings = {
				ASSETCATALOG_COMPILER_APPICON_NAME = AppIcon;
				ASSETCATALOG_COMPILER_GLOBAL_ACCENT_COLOR_NAME = AccentColor;
				CODE_SIGN_STYLE = Automatic;
				DEVELOPMENT_TEAM = 79KDG8ZYHT;
				INFOPLIST_FILE = RealtimeDatabase/Info.plist;
				LD_RUNPATH_SEARCH_PATHS = (
					"$(inherited)",
					"@executable_path/Frameworks",
				);
				PRODUCT_BUNDLE_IDENTIFIER = com.gannii.RealtimeDatabase;
				PRODUCT_NAME = "$(TARGET_NAME)";
				SWIFT_VERSION = 5.0;
				TARGETED_DEVICE_FAMILY = "1,2";
			};
			name = Debug;
		};
		7F716D2D26A116EB001D782E /* Release */ = {
			isa = XCBuildConfiguration;
			baseConfigurationReference = 1CB3DE9B7CAFC7DF0D38F9D8 /* Pods-RealtimeDatabase.release.xcconfig */;
			buildSettings = {
				ASSETCATALOG_COMPILER_APPICON_NAME = AppIcon;
				ASSETCATALOG_COMPILER_GLOBAL_ACCENT_COLOR_NAME = AccentColor;
				CODE_SIGN_STYLE = Automatic;
				DEVELOPMENT_TEAM = 79KDG8ZYHT;
				INFOPLIST_FILE = RealtimeDatabase/Info.plist;
				LD_RUNPATH_SEARCH_PATHS = (
					"$(inherited)",
					"@executable_path/Frameworks",
				);
				PRODUCT_BUNDLE_IDENTIFIER = com.gannii.RealtimeDatabase;
				PRODUCT_NAME = "$(TARGET_NAME)";
				SWIFT_VERSION = 5.0;
				TARGETED_DEVICE_FAMILY = "1,2";
			};
			name = Release;
		};
/* End XCBuildConfiguration section */

/* Begin XCConfigurationList section */
		7F716D1226A116E8001D782E /* Build configuration list for PBXProject "RealtimeDatabase" */ = {
			isa = XCConfigurationList;
			buildConfigurations = (
				7F716D2926A116EB001D782E /* Debug */,
				7F716D2A26A116EB001D782E /* Release */,
			);
			defaultConfigurationIsVisible = 0;
			defaultConfigurationName = Release;
		};
		7F716D2B26A116EB001D782E /* Build configuration list for PBXNativeTarget "RealtimeDatabase" */ = {
			isa = XCConfigurationList;
			buildConfigurations = (
				7F716D2C26A116EB001D782E /* Debug */,
				7F716D2D26A116EB001D782E /* Release */,
			);
			defaultConfigurationIsVisible = 0;
			defaultConfigurationName = Release;
		};
/* End XCConfigurationList section */
	};
	rootObject = 7F716D0F26A116E8001D782E /* Project object */;
}
