// !$*UTF8*$!
{
	archiveVersion = 1;
	classes = {
	};
	objectVersion = 50;
	objects = {

/* Begin PBXBuildFile section */
		7F17299A268D5D8900E2EEC5 /* AppDelegate.swift in Sources */ = {isa = PBXBuildFile; fileRef = 7F172999268D5D8900E2EEC5 /* AppDelegate.swift */; };
		7F17299C268D5D8900E2EEC5 /* SceneDelegate.swift in Sources */ = {isa = PBXBuildFile; fileRef = 7F17299B268D5D8900E2EEC5 /* SceneDelegate.swift */; };
		7F17299E268D5D8900E2EEC5 /* ViewController.swift in Sources */ = {isa = PBXBuildFile; fileRef = 7F17299D268D5D8900E2EEC5 /* ViewController.swift */; };
		7F1729A1268D5D8900E2EEC5 /* Main.storyboard in Resources */ = {isa = PBXBuildFile; fileRef = 7F17299F268D5D8900E2EEC5 /* Main.storyboard */; };
		7F1729A3268D5D8B00E2EEC5 /* Assets.xcassets in Resources */ = {isa = PBXBuildFile; fileRef = 7F1729A2268D5D8B00E2EEC5 /* Assets.xcassets */; };
		7F1729A6268D5D8B00E2EEC5 /* LaunchScreen.storyboard in Resources */ = {isa = PBXBuildFile; fileRef = 7F1729A4268D5D8B00E2EEC5 /* LaunchScreen.storyboard */; };
		7F1729AF268D60C200E2EEC5 /* ThirdViewController.swift in Sources */ = {isa = PBXBuildFile; fileRef = 7F1729AE268D60C200E2EEC5 /* ThirdViewController.swift */; };
		7F1729B1268D636400E2EEC5 /* SecondViewController.swift in Sources */ = {isa = PBXBuildFile; fileRef = 7F1729B0268D636400E2EEC5 /* SecondViewController.swift */; };
		7F1729B3268D667800E2EEC5 /* introViewController.swift in Sources */ = {isa = PBXBuildFile; fileRef = 7F1729B2268D667800E2EEC5 /* introViewController.swift */; };
		E2209F2BDA05C8078C2E93C1 /* Pods_ScreenChangeExample.framework in Frameworks */ = {isa = PBXBuildFile; fileRef = 4C23453FFE4330409F3645A5 /* Pods_ScreenChangeExample.framework */; };
/* End PBXBuildFile section */

/* Begin PBXFileReference section */
		17FA77E21AE19B873C068917 /* Pods-ScreenChangeExample.debug.xcconfig */ = {isa = PBXFileReference; includeInIndex = 1; lastKnownFileType = text.xcconfig; name = "Pods-ScreenChangeExample.debug.xcconfig"; path = "Target Support Files/Pods-ScreenChangeExample/Pods-ScreenChangeExample.debug.xcconfig"; sourceTree = "<group>"; };
		409B58BE28418980A6128122 /* Pods-ScreenChangeExample.release.xcconfig */ = {isa = PBXFileReference; includeInIndex = 1; lastKnownFileType = text.xcconfig; name = "Pods-ScreenChangeExample.release.xcconfig"; path = "Target Support Files/Pods-ScreenChangeExample/Pods-ScreenChangeExample.release.xcconfig"; sourceTree = "<group>"; };
		4C23453FFE4330409F3645A5 /* Pods_ScreenChangeExample.framework */ = {isa = PBXFileReference; explicitFileType = wrapper.framework; includeInIndex = 0; path = Pods_ScreenChangeExample.framework; sourceTree = BUILT_PRODUCTS_DIR; };
		7F172996268D5D8900E2EEC5 /* ScreenChangeExample.app */ = {isa = PBXFileReference; explicitFileType = wrapper.application; includeInIndex = 0; path = ScreenChangeExample.app; sourceTree = BUILT_PRODUCTS_DIR; };
		7F172999268D5D8900E2EEC5 /* AppDelegate.swift */ = {isa = PBXFileReference; lastKnownFileType = sourcecode.swift; path = AppDelegate.swift; sourceTree = "<group>"; };
		7F17299B268D5D8900E2EEC5 /* SceneDelegate.swift */ = {isa = PBXFileReference; lastKnownFileType = sourcecode.swift; path = SceneDelegate.swift; sourceTree = "<group>"; };
		7F17299D268D5D8900E2EEC5 /* ViewController.swift */ = {isa = PBXFileReference; lastKnownFileType = sourcecode.swift; path = ViewController.swift; sourceTree = "<group>"; };
		7F1729A0268D5D8900E2EEC5 /* Base */ = {isa = PBXFileReference; lastKnownFileType = file.storyboard; name = Base; path = Base.lproj/Main.storyboard; sourceTree = "<group>"; };
		7F1729A2268D5D8B00E2EEC5 /* Assets.xcassets */ = {isa = PBXFileReference; lastKnownFileType = folder.assetcatalog; path = Assets.xcassets; sourceTree = "<group>"; };
		7F1729A5268D5D8B00E2EEC5 /* Base */ = {isa = PBXFileReference; lastKnownFileType = file.storyboard; name = Base; path = Base.lproj/LaunchScreen.storyboard; sourceTree = "<group>"; };
		7F1729A7268D5D8B00E2EEC5 /* Info.plist */ = {isa = PBXFileReference; lastKnownFileType = text.plist.xml; path = Info.plist; sourceTree = "<group>"; };
		7F1729AE268D60C200E2EEC5 /* ThirdViewController.swift */ = {isa = PBXFileReference; lastKnownFileType = sourcecode.swift; path = ThirdViewController.swift; sourceTree = "<group>"; };
		7F1729B0268D636400E2EEC5 /* SecondViewController.swift */ = {isa = PBXFileReference; lastKnownFileType = sourcecode.swift; path = SecondViewController.swift; sourceTree = "<group>"; };
		7F1729B2268D667800E2EEC5 /* introViewController.swift */ = {isa = PBXFileReference; lastKnownFileType = sourcecode.swift; path = introViewController.swift; sourceTree = "<group>"; };
/* End PBXFileReference section */

/* Begin PBXFrameworksBuildPhase section */
		7F172993268D5D8900E2EEC5 /* Frameworks */ = {
			isa = PBXFrameworksBuildPhase;
			buildActionMask = 2147483647;
			files = (
				E2209F2BDA05C8078C2E93C1 /* Pods_ScreenChangeExample.framework in Frameworks */,
			);
			runOnlyForDeploymentPostprocessing = 0;
		};
/* End PBXFrameworksBuildPhase section */

/* Begin PBXGroup section */
		2CC3ACB433E6FDCDC73025D4 /* Frameworks */ = {
			isa = PBXGroup;
			children = (
				4C23453FFE4330409F3645A5 /* Pods_ScreenChangeExample.framework */,
			);
			name = Frameworks;
			sourceTree = "<group>";
		};
		7F17298D268D5D8900E2EEC5 = {
			isa = PBXGroup;
			children = (
				7F172998268D5D8900E2EEC5 /* ScreenChangeExample */,
				7F172997268D5D8900E2EEC5 /* Products */,
				FEC49D63532B92C30CDDEDDC /* Pods */,
				2CC3ACB433E6FDCDC73025D4 /* Frameworks */,
			);
			sourceTree = "<group>";
		};
		7F172997268D5D8900E2EEC5 /* Products */ = {
			isa = PBXGroup;
			children = (
				7F172996268D5D8900E2EEC5 /* ScreenChangeExample.app */,
			);
			name = Products;
			sourceTree = "<group>";
		};
		7F172998268D5D8900E2EEC5 /* ScreenChangeExample */ = {
			isa = PBXGroup;
			children = (
				7F1729AD268D60A600E2EEC5 /* ViewControllers */,
				7F172999268D5D8900E2EEC5 /* AppDelegate.swift */,
				7F17299B268D5D8900E2EEC5 /* SceneDelegate.swift */,
				7F17299F268D5D8900E2EEC5 /* Main.storyboard */,
				7F1729A2268D5D8B00E2EEC5 /* Assets.xcassets */,
				7F1729A4268D5D8B00E2EEC5 /* LaunchScreen.storyboard */,
				7F1729A7268D5D8B00E2EEC5 /* Info.plist */,
			);
			path = ScreenChangeExample;
			sourceTree = "<group>";
		};
		7F1729AD268D60A600E2EEC5 /* ViewControllers */ = {
			isa = PBXGroup;
			children = (
				7F17299D268D5D8900E2EEC5 /* ViewController.swift */,
				7F1729AE268D60C200E2EEC5 /* ThirdViewController.swift */,
				7F1729B0268D636400E2EEC5 /* SecondViewController.swift */,
				7F1729B2268D667800E2EEC5 /* introViewController.swift */,
			);
			path = ViewControllers;
			sourceTree = "<group>";
		};
		FEC49D63532B92C30CDDEDDC /* Pods */ = {
			isa = PBXGroup;
			children = (
				17FA77E21AE19B873C068917 /* Pods-ScreenChangeExample.debug.xcconfig */,
				409B58BE28418980A6128122 /* Pods-ScreenChangeExample.release.xcconfig */,
			);
			path = Pods;
			sourceTree = "<group>";
		};
/* End PBXGroup section */

/* Begin PBXNativeTarget section */
		7F172995268D5D8900E2EEC5 /* ScreenChangeExample */ = {
			isa = PBXNativeTarget;
			buildConfigurationList = 7F1729AA268D5D8B00E2EEC5 /* Build configuration list for PBXNativeTarget "ScreenChangeExample" */;
			buildPhases = (
				7CA57D2D230759A6FC161C8F /* [CP] Check Pods Manifest.lock */,
				7F172992268D5D8900E2EEC5 /* Sources */,
				7F172993268D5D8900E2EEC5 /* Frameworks */,
				7F172994268D5D8900E2EEC5 /* Resources */,
			);
			buildRules = (
			);
			dependencies = (
			);
			name = ScreenChangeExample;
			productName = ScreenChangeExample;
			productReference = 7F172996268D5D8900E2EEC5 /* ScreenChangeExample.app */;
			productType = "com.apple.product-type.application";
		};
/* End PBXNativeTarget section */

/* Begin PBXProject section */
		7F17298E268D5D8900E2EEC5 /* Project object */ = {
			isa = PBXProject;
			attributes = {
				LastSwiftUpdateCheck = 1250;
				LastUpgradeCheck = 1250;
				TargetAttributes = {
					7F172995268D5D8900E2EEC5 = {
						CreatedOnToolsVersion = 12.5.1;
					};
				};
			};
			buildConfigurationList = 7F172991268D5D8900E2EEC5 /* Build configuration list for PBXProject "ScreenChangeExample" */;
			compatibilityVersion = "Xcode 9.3";
			developmentRegion = en;
			hasScannedForEncodings = 0;
			knownRegions = (
				en,
				Base,
			);
			mainGroup = 7F17298D268D5D8900E2EEC5;
			productRefGroup = 7F172997268D5D8900E2EEC5 /* Products */;
			projectDirPath = "";
			projectRoot = "";
			targets = (
				7F172995268D5D8900E2EEC5 /* ScreenChangeExample */,
			);
		};
/* End PBXProject section */

/* Begin PBXResourcesBuildPhase section */
		7F172994268D5D8900E2EEC5 /* Resources */ = {
			isa = PBXResourcesBuildPhase;
			buildActionMask = 2147483647;
			files = (
				7F1729A6268D5D8B00E2EEC5 /* LaunchScreen.storyboard in Resources */,
				7F1729A3268D5D8B00E2EEC5 /* Assets.xcassets in Resources */,
				7F1729A1268D5D8900E2EEC5 /* Main.storyboard in Resources */,
			);
			runOnlyForDeploymentPostprocessing = 0;
		};
/* End PBXResourcesBuildPhase section */

/* Begin PBXShellScriptBuildPhase section */
		7CA57D2D230759A6FC161C8F /* [CP] Check Pods Manifest.lock */ = {
			isa = PBXShellScriptBuildPhase;
			buildActionMask = 2147483647;
			files = (
			);
			inputFileListPaths = (
			);
			inputPaths = (
				"${PODS_PODFILE_DIR_PATH}/Podfile.lock",
				"${PODS_ROOT}/Manifest.lock",
			);
			name = "[CP] Check Pods Manifest.lock";
			outputFileListPaths = (
			);
			outputPaths = (
				"$(DERIVED_FILE_DIR)/Pods-ScreenChangeExample-checkManifestLockResult.txt",
			);
			runOnlyForDeploymentPostprocessing = 0;
			shellPath = /bin/sh;
			shellScript = "diff \"${PODS_PODFILE_DIR_PATH}/Podfile.lock\" \"${PODS_ROOT}/Manifest.lock\" > /dev/null\nif [ $? != 0 ] ; then\n    # print error to STDERR\n    echo \"error: The sandbox is not in sync with the Podfile.lock. Run 'pod install' or update your CocoaPods installation.\" >&2\n    exit 1\nfi\n# This output is used by Xcode 'outputs' to avoid re-running this script phase.\necho \"SUCCESS\" > \"${SCRIPT_OUTPUT_FILE_0}\"\n";
			showEnvVarsInLog = 0;
		};
/* End PBXShellScriptBuildPhase section */

/* Begin PBXSourcesBuildPhase section */
		7F172992268D5D8900E2EEC5 /* Sources */ = {
			isa = PBXSourcesBuildPhase;
			buildActionMask = 2147483647;
			files = (
				7F17299E268D5D8900E2EEC5 /* ViewController.swift in Sources */,
				7F17299A268D5D8900E2EEC5 /* AppDelegate.swift in Sources */,
				7F1729AF268D60C200E2EEC5 /* ThirdViewController.swift in Sources */,
				7F1729B1268D636400E2EEC5 /* SecondViewController.swift in Sources */,
				7F17299C268D5D8900E2EEC5 /* SceneDelegate.swift in Sources */,
				7F1729B3268D667800E2EEC5 /* introViewController.swift in Sources */,
			);
			runOnlyForDeploymentPostprocessing = 0;
		};
/* End PBXSourcesBuildPhase section */

/* Begin PBXVariantGroup section */
		7F17299F268D5D8900E2EEC5 /* Main.storyboard */ = {
			isa = PBXVariantGroup;
			children = (
				7F1729A0268D5D8900E2EEC5 /* Base */,
			);
			name = Main.storyboard;
			sourceTree = "<group>";
		};
		7F1729A4268D5D8B00E2EEC5 /* LaunchScreen.storyboard */ = {
			isa = PBXVariantGroup;
			children = (
				7F1729A5268D5D8B00E2EEC5 /* Base */,
			);
			name = LaunchScreen.storyboard;
			sourceTree = "<group>";
		};
/* End PBXVariantGroup section */

/* Begin XCBuildConfiguration section */
		7F1729A8268D5D8B00E2EEC5 /* Debug */ = {
			isa = XCBuildConfiguration;
			buildSettings = {
				ALWAYS_SEARCH_USER_PATHS = NO;
				CLANG_ANALYZER_NONNULL = YES;
				CLANG_ANALYZER_NUMBER_OBJECT_CONVERSION = YES_AGGRESSIVE;
				CLANG_CXX_LANGUAGE_STANDARD = "gnu++14";
				CLANG_CXX_LIBRARY = "libc++";
				CLANG_ENABLE_MODULES = YES;
				CLANG_ENABLE_OBJC_ARC = YES;
				CLANG_ENABLE_OBJC_WEAK = YES;
				CLANG_WARN_BLOCK_CAPTURE_AUTORELEASING = YES;
				CLANG_WARN_BOOL_CONVERSION = YES;
				CLANG_WARN_COMMA = YES;
				CLANG_WARN_CONSTANT_CONVERSION = YES;
				CLANG_WARN_DEPRECATED_OBJC_IMPLEMENTATIONS = YES;
				CLANG_WARN_DIRECT_OBJC_ISA_USAGE = YES_ERROR;
				CLANG_WARN_DOCUMENTATION_COMMENTS = YES;
				CLANG_WARN_EMPTY_BODY = YES;
				CLANG_WARN_ENUM_CONVERSION = YES;
				CLANG_WARN_INFINITE_RECURSION = YES;
				CLANG_WARN_INT_CONVERSION = YES;
				CLANG_WARN_NON_LITERAL_NULL_CONVERSION = YES;
				CLANG_WARN_OBJC_IMPLICIT_RETAIN_SELF = YES;
				CLANG_WARN_OBJC_LITERAL_CONVERSION = YES;
				CLANG_WARN_OBJC_ROOT_CLASS = YES_ERROR;
				CLANG_WARN_QUOTED_INCLUDE_IN_FRAMEWORK_HEADER = YES;
				CLANG_WARN_RANGE_LOOP_ANALYSIS = YES;
				CLANG_WARN_STRICT_PROTOTYPES = YES;
				CLANG_WARN_SUSPICIOUS_MOVE = YES;
				CLANG_WARN_UNGUARDED_AVAILABILITY = YES_AGGRESSIVE;
				CLANG_WARN_UNREACHABLE_CODE = YES;
				CLANG_WARN__DUPLICATE_METHOD_MATCH = YES;
				COPY_PHASE_STRIP = NO;
				DEBUG_INFORMATION_FORMAT = dwarf;
				ENABLE_STRICT_OBJC_MSGSEND = YES;
				ENABLE_TESTABILITY = YES;
				GCC_C_LANGUAGE_STANDARD = gnu11;
				GCC_DYNAMIC_NO_PIC = NO;
				GCC_NO_COMMON_BLOCKS = YES;
				GCC_OPTIMIZATION_LEVEL = 0;
				GCC_PREPROCESSOR_DEFINITIONS = (
					"DEBUG=1",
					"$(inherited)",
				);
				GCC_WARN_64_TO_32_BIT_CONVERSION = YES;
				GCC_WARN_ABOUT_RETURN_TYPE = YES_ERROR;
				GCC_WARN_UNDECLARED_SELECTOR = YES;
				GCC_WARN_UNINITIALIZED_AUTOS = YES_AGGRESSIVE;
				GCC_WARN_UNUSED_FUNCTION = YES;
				GCC_WARN_UNUSED_VARIABLE = YES;
				IPHONEOS_DEPLOYMENT_TARGET = 14.5;
				MTL_ENABLE_DEBUG_INFO = INCLUDE_SOURCE;
				MTL_FAST_MATH = YES;
				ONLY_ACTIVE_ARCH = YES;
				SDKROOT = iphoneos;
				SWIFT_ACTIVE_COMPILATION_CONDITIONS = DEBUG;
				SWIFT_OPTIMIZATION_LEVEL = "-Onone";
			};
			name = Debug;
		};
		7F1729A9268D5D8B00E2EEC5 /* Release */ = {
			isa = XCBuildConfiguration;
			buildSettings = {
				ALWAYS_SEARCH_USER_PATHS = NO;
				CLANG_ANALYZER_NONNULL = YES;
				CLANG_ANALYZER_NUMBER_OBJECT_CONVERSION = YES_AGGRESSIVE;
				CLANG_CXX_LANGUAGE_STANDARD = "gnu++14";
				CLANG_CXX_LIBRARY = "libc++";
				CLANG_ENABLE_MODULES = YES;
				CLANG_ENABLE_OBJC_ARC = YES;
				CLANG_ENABLE_OBJC_WEAK = YES;
				CLANG_WARN_BLOCK_CAPTURE_AUTORELEASING = YES;
				CLANG_WARN_BOOL_CONVERSION = YES;
				CLANG_WARN_COMMA = YES;
				CLANG_WARN_CONSTANT_CONVERSION = YES;
				CLANG_WARN_DEPRECATED_OBJC_IMPLEMENTATIONS = YES;
				CLANG_WARN_DIRECT_OBJC_ISA_USAGE = YES_ERROR;
				CLANG_WARN_DOCUMENTATION_COMMENTS = YES;
				CLANG_WARN_EMPTY_BODY = YES;
				CLANG_WARN_ENUM_CONVERSION = YES;
				CLANG_WARN_INFINITE_RECURSION = YES;
				CLANG_WARN_INT_CONVERSION = YES;
				CLANG_WARN_NON_LITERAL_NULL_CONVERSION = YES;
				CLANG_WARN_OBJC_IMPLICIT_RETAIN_SELF = YES;
				CLANG_WARN_OBJC_LITERAL_CONVERSION = YES;
				CLANG_WARN_OBJC_ROOT_CLASS = YES_ERROR;
				CLANG_WARN_QUOTED_INCLUDE_IN_FRAMEWORK_HEADER = YES;
				CLANG_WARN_RANGE_LOOP_ANALYSIS = YES;
				CLANG_WARN_STRICT_PROTOTYPES = YES;
				CLANG_WARN_SUSPICIOUS_MOVE = YES;
				CLANG_WARN_UNGUARDED_AVAILABILITY = YES_AGGRESSIVE;
				CLANG_WARN_UNREACHABLE_CODE = YES;
				CLANG_WARN__DUPLICATE_METHOD_MATCH = YES;
				COPY_PHASE_STRIP = NO;
				DEBUG_INFORMATION_FORMAT = "dwarf-with-dsym";
				ENABLE_NS_ASSERTIONS = NO;
				ENABLE_STRICT_OBJC_MSGSEND = YES;
				GCC_C_LANGUAGE_STANDARD = gnu11;
				GCC_NO_COMMON_BLOCKS = YES;
				GCC_WARN_64_TO_32_BIT_CONVERSION = YES;
				GCC_WARN_ABOUT_RETURN_TYPE = YES_ERROR;
				GCC_WARN_UNDECLARED_SELECTOR = YES;
				GCC_WARN_UNINITIALIZED_AUTOS = YES_AGGRESSIVE;
				GCC_WARN_UNUSED_FUNCTION = YES;
				GCC_WARN_UNUSED_VARIABLE = YES;
				IPHONEOS_DEPLOYMENT_TARGET = 14.5;
				MTL_ENABLE_DEBUG_INFO = NO;
				MTL_FAST_MATH = YES;
				SDKROOT = iphoneos;
				SWIFT_COMPILATION_MODE = wholemodule;
				SWIFT_OPTIMIZATION_LEVEL = "-O";
				VALIDATE_PRODUCT = YES;
			};
			name = Release;
		};
		7F1729AB268D5D8B00E2EEC5 /* Debug */ = {
			isa = XCBuildConfiguration;
			baseConfigurationReference = 17FA77E21AE19B873C068917 /* Pods-ScreenChangeExample.debug.xcconfig */;
			buildSettings = {
				ASSETCATALOG_COMPILER_APPICON_NAME = AppIcon;
				ASSETCATALOG_COMPILER_GLOBAL_ACCENT_COLOR_NAME = AccentColor;
				CODE_SIGN_STYLE = Automatic;
				DEVELOPMENT_TEAM = 79KDG8ZYHT;
				INFOPLIST_FILE = ScreenChangeExample/Info.plist;
				LD_RUNPATH_SEARCH_PATHS = (
					"$(inherited)",
					"@executable_path/Frameworks",
				);
				PRODUCT_BUNDLE_IDENTIFIER = com.gannii.ScreenChangeExample;
				PRODUCT_NAME = "$(TARGET_NAME)";
				SWIFT_VERSION = 5.0;
				TARGETED_DEVICE_FAMILY = "1,2";
			};
			name = Debug;
		};
		7F1729AC268D5D8B00E2EEC5 /* Release */ = {
			isa = XCBuildConfiguration;
			baseConfigurationReference = 409B58BE28418980A6128122 /* Pods-ScreenChangeExample.release.xcconfig */;
			buildSettings = {
				ASSETCATALOG_COMPILER_APPICON_NAME = AppIcon;
				ASSETCATALOG_COMPILER_GLOBAL_ACCENT_COLOR_NAME = AccentColor;
				CODE_SIGN_STYLE = Automatic;
				DEVELOPMENT_TEAM = 79KDG8ZYHT;
				INFOPLIST_FILE = ScreenChangeExample/Info.plist;
				LD_RUNPATH_SEARCH_PATHS = (
					"$(inherited)",
					"@executable_path/Frameworks",
				);
				PRODUCT_BUNDLE_IDENTIFIER = com.gannii.ScreenChangeExample;
				PRODUCT_NAME = "$(TARGET_NAME)";
				SWIFT_VERSION = 5.0;
				TARGETED_DEVICE_FAMILY = "1,2";
			};
			name = Release;
		};
/* End XCBuildConfiguration section */

/* Begin XCConfigurationList section */
		7F172991268D5D8900E2EEC5 /* Build configuration list for PBXProject "ScreenChangeExample" */ = {
			isa = XCConfigurationList;
			buildConfigurations = (
				7F1729A8268D5D8B00E2EEC5 /* Debug */,
				7F1729A9268D5D8B00E2EEC5 /* Release */,
			);
			defaultConfigurationIsVisible = 0;
			defaultConfigurationName = Release;
		};
		7F1729AA268D5D8B00E2EEC5 /* Build configuration list for PBXNativeTarget "ScreenChangeExample" */ = {
			isa = XCConfigurationList;
			buildConfigurations = (
				7F1729AB268D5D8B00E2EEC5 /* Debug */,
				7F1729AC268D5D8B00E2EEC5 /* Release */,
			);
			defaultConfigurationIsVisible = 0;
			defaultConfigurationName = Release;
		};
/* End XCConfigurationList section */
	};
	rootObject = 7F17298E268D5D8900E2EEC5 /* Project object */;
}
