// !$*UTF8*$!
{
	archiveVersion = 1;
	classes = {
	};
	objectVersion = 50;
	objects = {

/* Begin PBXBuildFile section */
		7EC5A0615E322BB66E37FDEA /* Pods_Square.framework in Frameworks */ = {isa = PBXBuildFile; fileRef = F2534DDE5181A178C4E43C16 /* Pods_Square.framework */; };
		7F2C5043268ABEFD00AEAF1C /* AppDelegate.swift in Sources */ = {isa = PBXBuildFile; fileRef = 7F2C5042268ABEFD00AEAF1C /* AppDelegate.swift */; };
		7F2C5045268ABEFD00AEAF1C /* SceneDelegate.swift in Sources */ = {isa = PBXBuildFile; fileRef = 7F2C5044268ABEFD00AEAF1C /* SceneDelegate.swift */; };
		7F2C5047268ABEFD00AEAF1C /* ViewController.swift in Sources */ = {isa = PBXBuildFile; fileRef = 7F2C5046268ABEFD00AEAF1C /* ViewController.swift */; };
		7F2C504A268ABEFD00AEAF1C /* Main.storyboard in Resources */ = {isa = PBXBuildFile; fileRef = 7F2C5048268ABEFD00AEAF1C /* Main.storyboard */; };
		7F2C504C268ABEFF00AEAF1C /* Assets.xcassets in Resources */ = {isa = PBXBuildFile; fileRef = 7F2C504B268ABEFF00AEAF1C /* Assets.xcassets */; };
		7F2C504F268ABEFF00AEAF1C /* LaunchScreen.storyboard in Resources */ = {isa = PBXBuildFile; fileRef = 7F2C504D268ABEFF00AEAF1C /* LaunchScreen.storyboard */; };
/* End PBXBuildFile section */

/* Begin PBXFileReference section */
		28D9AB88E8851526AE5225B7 /* Pods-Square.release.xcconfig */ = {isa = PBXFileReference; includeInIndex = 1; lastKnownFileType = text.xcconfig; name = "Pods-Square.release.xcconfig"; path = "Target Support Files/Pods-Square/Pods-Square.release.xcconfig"; sourceTree = "<group>"; };
		7F2C503F268ABEFD00AEAF1C /* Square.app */ = {isa = PBXFileReference; explicitFileType = wrapper.application; includeInIndex = 0; path = Square.app; sourceTree = BUILT_PRODUCTS_DIR; };
		7F2C5042268ABEFD00AEAF1C /* AppDelegate.swift */ = {isa = PBXFileReference; lastKnownFileType = sourcecode.swift; path = AppDelegate.swift; sourceTree = "<group>"; };
		7F2C5044268ABEFD00AEAF1C /* SceneDelegate.swift */ = {isa = PBXFileReference; lastKnownFileType = sourcecode.swift; path = SceneDelegate.swift; sourceTree = "<group>"; };
		7F2C5046268ABEFD00AEAF1C /* ViewController.swift */ = {isa = PBXFileReference; lastKnownFileType = sourcecode.swift; path = ViewController.swift; sourceTree = "<group>"; };
		7F2C5049268ABEFD00AEAF1C /* Base */ = {isa = PBXFileReference; lastKnownFileType = file.storyboard; name = Base; path = Base.lproj/Main.storyboard; sourceTree = "<group>"; };
		7F2C504B268ABEFF00AEAF1C /* Assets.xcassets */ = {isa = PBXFileReference; lastKnownFileType = folder.assetcatalog; path = Assets.xcassets; sourceTree = "<group>"; };
		7F2C504E268ABEFF00AEAF1C /* Base */ = {isa = PBXFileReference; lastKnownFileType = file.storyboard; name = Base; path = Base.lproj/LaunchScreen.storyboard; sourceTree = "<group>"; };
		7F2C5050268ABEFF00AEAF1C /* Info.plist */ = {isa = PBXFileReference; lastKnownFileType = text.plist.xml; path = Info.plist; sourceTree = "<group>"; };
		EB854F33892BC77E0E1531B3 /* Pods-Square.debug.xcconfig */ = {isa = PBXFileReference; includeInIndex = 1; lastKnownFileType = text.xcconfig; name = "Pods-Square.debug.xcconfig"; path = "Target Support Files/Pods-Square/Pods-Square.debug.xcconfig"; sourceTree = "<group>"; };
		F2534DDE5181A178C4E43C16 /* Pods_Square.framework */ = {isa = PBXFileReference; explicitFileType = wrapper.framework; includeInIndex = 0; path = Pods_Square.framework; sourceTree = BUILT_PRODUCTS_DIR; };
/* End PBXFileReference section */

/* Begin PBXFrameworksBuildPhase section */
		7F2C503C268ABEFD00AEAF1C /* Frameworks */ = {
			isa = PBXFrameworksBuildPhase;
			buildActionMask = 2147483647;
			files = (
				7EC5A0615E322BB66E37FDEA /* Pods_Square.framework in Frameworks */,
			);
			runOnlyForDeploymentPostprocessing = 0;
		};
/* End PBXFrameworksBuildPhase section */

/* Begin PBXGroup section */
		7F2C5036268ABEFD00AEAF1C = {
			isa = PBXGroup;
			children = (
				7F2C5041268ABEFD00AEAF1C /* Square */,
				7F2C5040268ABEFD00AEAF1C /* Products */,
				A9644C4A3AC80026C57CD2B8 /* Pods */,
				EE5E5C49C0B52C43819E0094 /* Frameworks */,
			);
			sourceTree = "<group>";
		};
		7F2C5040268ABEFD00AEAF1C /* Products */ = {
			isa = PBXGroup;
			children = (
				7F2C503F268ABEFD00AEAF1C /* Square.app */,
			);
			name = Products;
			sourceTree = "<group>";
		};
		7F2C5041268ABEFD00AEAF1C /* Square */ = {
			isa = PBXGroup;
			children = (
				7F2C5042268ABEFD00AEAF1C /* AppDelegate.swift */,
				7F2C5044268ABEFD00AEAF1C /* SceneDelegate.swift */,
				7F2C5046268ABEFD00AEAF1C /* ViewController.swift */,
				7F2C5048268ABEFD00AEAF1C /* Main.storyboard */,
				7F2C504B268ABEFF00AEAF1C /* Assets.xcassets */,
				7F2C504D268ABEFF00AEAF1C /* LaunchScreen.storyboard */,
				7F2C5050268ABEFF00AEAF1C /* Info.plist */,
			);
			path = Square;
			sourceTree = "<group>";
		};
		A9644C4A3AC80026C57CD2B8 /* Pods */ = {
			isa = PBXGroup;
			children = (
				EB854F33892BC77E0E1531B3 /* Pods-Square.debug.xcconfig */,
				28D9AB88E8851526AE5225B7 /* Pods-Square.release.xcconfig */,
			);
			name = Pods;
			path = Pods;
			sourceTree = "<group>";
		};
		EE5E5C49C0B52C43819E0094 /* Frameworks */ = {
			isa = PBXGroup;
			children = (
				F2534DDE5181A178C4E43C16 /* Pods_Square.framework */,
			);
			name = Frameworks;
			sourceTree = "<group>";
		};
/* End PBXGroup section */

/* Begin PBXNativeTarget section */
		7F2C503E268ABEFD00AEAF1C /* Square */ = {
			isa = PBXNativeTarget;
			buildConfigurationList = 7F2C5053268ABEFF00AEAF1C /* Build configuration list for PBXNativeTarget "Square" */;
			buildPhases = (
				91E8F6988CE287D37AE011FE /* [CP] Check Pods Manifest.lock */,
				7F2C503B268ABEFD00AEAF1C /* Sources */,
				7F2C503C268ABEFD00AEAF1C /* Frameworks */,
				7F2C503D268ABEFD00AEAF1C /* Resources */,
			);
			buildRules = (
			);
			dependencies = (
			);
			name = Square;
			productName = Square;
			productReference = 7F2C503F268ABEFD00AEAF1C /* Square.app */;
			productType = "com.apple.product-type.application";
		};
/* End PBXNativeTarget section */

/* Begin PBXProject section */
		7F2C5037268ABEFD00AEAF1C /* Project object */ = {
			isa = PBXProject;
			attributes = {
				LastSwiftUpdateCheck = 1250;
				LastUpgradeCheck = 1250;
				TargetAttributes = {
					7F2C503E268ABEFD00AEAF1C = {
						CreatedOnToolsVersion = 12.5.1;
					};
				};
			};
			buildConfigurationList = 7F2C503A268ABEFD00AEAF1C /* Build configuration list for PBXProject "Square" */;
			compatibilityVersion = "Xcode 9.3";
			developmentRegion = en;
			hasScannedForEncodings = 0;
			knownRegions = (
				en,
				Base,
			);
			mainGroup = 7F2C5036268ABEFD00AEAF1C;
			productRefGroup = 7F2C5040268ABEFD00AEAF1C /* Products */;
			projectDirPath = "";
			projectRoot = "";
			targets = (
				7F2C503E268ABEFD00AEAF1C /* Square */,
			);
		};
/* End PBXProject section */

/* Begin PBXResourcesBuildPhase section */
		7F2C503D268ABEFD00AEAF1C /* Resources */ = {
			isa = PBXResourcesBuildPhase;
			buildActionMask = 2147483647;
			files = (
				7F2C504F268ABEFF00AEAF1C /* LaunchScreen.storyboard in Resources */,
				7F2C504C268ABEFF00AEAF1C /* Assets.xcassets in Resources */,
				7F2C504A268ABEFD00AEAF1C /* Main.storyboard in Resources */,
			);
			runOnlyForDeploymentPostprocessing = 0;
		};
/* End PBXResourcesBuildPhase section */

/* Begin PBXShellScriptBuildPhase section */
		91E8F6988CE287D37AE011FE /* [CP] Check Pods Manifest.lock */ = {
			isa = PBXShellScriptBuildPhase;
			buildActionMask = 2147483647;
			files = (
			);
			inputFileListPaths = (
			);
			inputPaths = (
				"${PODS_PODFILE_DIR_PATH}/Podfile.lock",
				"${PODS_ROOT}/Manifest.lock",
			);
			name = "[CP] Check Pods Manifest.lock";
			outputFileListPaths = (
			);
			outputPaths = (
				"$(DERIVED_FILE_DIR)/Pods-Square-checkManifestLockResult.txt",
			);
			runOnlyForDeploymentPostprocessing = 0;
			shellPath = /bin/sh;
			shellScript = "diff \"${PODS_PODFILE_DIR_PATH}/Podfile.lock\" \"${PODS_ROOT}/Manifest.lock\" > /dev/null\nif [ $? != 0 ] ; then\n    # print error to STDERR\n    echo \"error: The sandbox is not in sync with the Podfile.lock. Run 'pod install' or update your CocoaPods installation.\" >&2\n    exit 1\nfi\n# This output is used by Xcode 'outputs' to avoid re-running this script phase.\necho \"SUCCESS\" > \"${SCRIPT_OUTPUT_FILE_0}\"\n";
			showEnvVarsInLog = 0;
		};
/* End PBXShellScriptBuildPhase section */

/* Begin PBXSourcesBuildPhase section */
		7F2C503B268ABEFD00AEAF1C /* Sources */ = {
			isa = PBXSourcesBuildPhase;
			buildActionMask = 2147483647;
			files = (
				7F2C5047268ABEFD00AEAF1C /* ViewController.swift in Sources */,
				7F2C5043268ABEFD00AEAF1C /* AppDelegate.swift in Sources */,
				7F2C5045268ABEFD00AEAF1C /* SceneDelegate.swift in Sources */,
			);
			runOnlyForDeploymentPostprocessing = 0;
		};
/* End PBXSourcesBuildPhase section */

/* Begin PBXVariantGroup section */
		7F2C5048268ABEFD00AEAF1C /* Main.storyboard */ = {
			isa = PBXVariantGroup;
			children = (
				7F2C5049268ABEFD00AEAF1C /* Base */,
			);
			name = Main.storyboard;
			sourceTree = "<group>";
		};
		7F2C504D268ABEFF00AEAF1C /* LaunchScreen.storyboard */ = {
			isa = PBXVariantGroup;
			children = (
				7F2C504E268ABEFF00AEAF1C /* Base */,
			);
			name = LaunchScreen.storyboard;
			sourceTree = "<group>";
		};
/* End PBXVariantGroup section */

/* Begin XCBuildConfiguration section */
		7F2C5051268ABEFF00AEAF1C /* Debug */ = {
			isa = XCBuildConfiguration;
			buildSettings = {
				ALWAYS_SEARCH_USER_PATHS = NO;
				CLANG_ANALYZER_NONNULL = YES;
				CLANG_ANALYZER_NUMBER_OBJECT_CONVERSION = YES_AGGRESSIVE;
				CLANG_CXX_LANGUAGE_STANDARD = "gnu++14";
				CLANG_CXX_LIBRARY = "libc++";
				CLANG_ENABLE_MODULES = YES;
				CLANG_ENABLE_OBJC_ARC = YES;
				CLANG_ENABLE_OBJC_WEAK = YES;
				CLANG_WARN_BLOCK_CAPTURE_AUTORELEASING = YES;
				CLANG_WARN_BOOL_CONVERSION = YES;
				CLANG_WARN_COMMA = YES;
				CLANG_WARN_CONSTANT_CONVERSION = YES;
				CLANG_WARN_DEPRECATED_OBJC_IMPLEMENTATIONS = YES;
				CLANG_WARN_DIRECT_OBJC_ISA_USAGE = YES_ERROR;
				CLANG_WARN_DOCUMENTATION_COMMENTS = YES;
				CLANG_WARN_EMPTY_BODY = YES;
				CLANG_WARN_ENUM_CONVERSION = YES;
				CLANG_WARN_INFINITE_RECURSION = YES;
				CLANG_WARN_INT_CONVERSION = YES;
				CLANG_WARN_NON_LITERAL_NULL_CONVERSION = YES;
				CLANG_WARN_OBJC_IMPLICIT_RETAIN_SELF = YES;
				CLANG_WARN_OBJC_LITERAL_CONVERSION = YES;
				CLANG_WARN_OBJC_ROOT_CLASS = YES_ERROR;
				CLANG_WARN_QUOTED_INCLUDE_IN_FRAMEWORK_HEADER = YES;
				CLANG_WARN_RANGE_LOOP_ANALYSIS = YES;
				CLANG_WARN_STRICT_PROTOTYPES = YES;
				CLANG_WARN_SUSPICIOUS_MOVE = YES;
				CLANG_WARN_UNGUARDED_AVAILABILITY = YES_AGGRESSIVE;
				CLANG_WARN_UNREACHABLE_CODE = YES;
				CLANG_WARN__DUPLICATE_METHOD_MATCH = YES;
				COPY_PHASE_STRIP = NO;
				DEBUG_INFORMATION_FORMAT = dwarf;
				ENABLE_STRICT_OBJC_MSGSEND = YES;
				ENABLE_TESTABILITY = YES;
				GCC_C_LANGUAGE_STANDARD = gnu11;
				GCC_DYNAMIC_NO_PIC = NO;
				GCC_NO_COMMON_BLOCKS = YES;
				GCC_OPTIMIZATION_LEVEL = 0;
				GCC_PREPROCESSOR_DEFINITIONS = (
					"DEBUG=1",
					"$(inherited)",
				);
				GCC_WARN_64_TO_32_BIT_CONVERSION = YES;
				GCC_WARN_ABOUT_RETURN_TYPE = YES_ERROR;
				GCC_WARN_UNDECLARED_SELECTOR = YES;
				GCC_WARN_UNINITIALIZED_AUTOS = YES_AGGRESSIVE;
				GCC_WARN_UNUSED_FUNCTION = YES;
				GCC_WARN_UNUSED_VARIABLE = YES;
				IPHONEOS_DEPLOYMENT_TARGET = 14.5;
				MTL_ENABLE_DEBUG_INFO = INCLUDE_SOURCE;
				MTL_FAST_MATH = YES;
				ONLY_ACTIVE_ARCH = YES;
				SDKROOT = iphoneos;
				SWIFT_ACTIVE_COMPILATION_CONDITIONS = DEBUG;
				SWIFT_OPTIMIZATION_LEVEL = "-Onone";
			};
			name = Debug;
		};
		7F2C5052268ABEFF00AEAF1C /* Release */ = {
			isa = XCBuildConfiguration;
			buildSettings = {
				ALWAYS_SEARCH_USER_PATHS = NO;
				CLANG_ANALYZER_NONNULL = YES;
				CLANG_ANALYZER_NUMBER_OBJECT_CONVERSION = YES_AGGRESSIVE;
				CLANG_CXX_LANGUAGE_STANDARD = "gnu++14";
				CLANG_CXX_LIBRARY = "libc++";
				CLANG_ENABLE_MODULES = YES;
				CLANG_ENABLE_OBJC_ARC = YES;
				CLANG_ENABLE_OBJC_WEAK = YES;
				CLANG_WARN_BLOCK_CAPTURE_AUTORELEASING = YES;
				CLANG_WARN_BOOL_CONVERSION = YES;
				CLANG_WARN_COMMA = YES;
				CLANG_WARN_CONSTANT_CONVERSION = YES;
				CLANG_WARN_DEPRECATED_OBJC_IMPLEMENTATIONS = YES;
				CLANG_WARN_DIRECT_OBJC_ISA_USAGE = YES_ERROR;
				CLANG_WARN_DOCUMENTATION_COMMENTS = YES;
				CLANG_WARN_EMPTY_BODY = YES;
				CLANG_WARN_ENUM_CONVERSION = YES;
				CLANG_WARN_INFINITE_RECURSION = YES;
				CLANG_WARN_INT_CONVERSION = YES;
				CLANG_WARN_NON_LITERAL_NULL_CONVERSION = YES;
				CLANG_WARN_OBJC_IMPLICIT_RETAIN_SELF = YES;
				CLANG_WARN_OBJC_LITERAL_CONVERSION = YES;
				CLANG_WARN_OBJC_ROOT_CLASS = YES_ERROR;
				CLANG_WARN_QUOTED_INCLUDE_IN_FRAMEWORK_HEADER = YES;
				CLANG_WARN_RANGE_LOOP_ANALYSIS = YES;
				CLANG_WARN_STRICT_PROTOTYPES = YES;
				CLANG_WARN_SUSPICIOUS_MOVE = YES;
				CLANG_WARN_UNGUARDED_AVAILABILITY = YES_AGGRESSIVE;
				CLANG_WARN_UNREACHABLE_CODE = YES;
				CLANG_WARN__DUPLICATE_METHOD_MATCH = YES;
				COPY_PHASE_STRIP = NO;
				DEBUG_INFORMATION_FORMAT = "dwarf-with-dsym";
				ENABLE_NS_ASSERTIONS = NO;
				ENABLE_STRICT_OBJC_MSGSEND = YES;
				GCC_C_LANGUAGE_STANDARD = gnu11;
				GCC_NO_COMMON_BLOCKS = YES;
				GCC_WARN_64_TO_32_BIT_CONVERSION = YES;
				GCC_WARN_ABOUT_RETURN_TYPE = YES_ERROR;
				GCC_WARN_UNDECLARED_SELECTOR = YES;
				GCC_WARN_UNINITIALIZED_AUTOS = YES_AGGRESSIVE;
				GCC_WARN_UNUSED_FUNCTION = YES;
				GCC_WARN_UNUSED_VARIABLE = YES;
				IPHONEOS_DEPLOYMENT_TARGET = 14.5;
				MTL_ENABLE_DEBUG_INFO = NO;
				MTL_FAST_MATH = YES;
				SDKROOT = iphoneos;
				SWIFT_COMPILATION_MODE = wholemodule;
				SWIFT_OPTIMIZATION_LEVEL = "-O";
				VALIDATE_PRODUCT = YES;
			};
			name = Release;
		};
		7F2C5054268ABEFF00AEAF1C /* Debug */ = {
			isa = XCBuildConfiguration;
			baseConfigurationReference = EB854F33892BC77E0E1531B3 /* Pods-Square.debug.xcconfig */;
			buildSettings = {
				ASSETCATALOG_COMPILER_APPICON_NAME = AppIcon;
				ASSETCATALOG_COMPILER_GLOBAL_ACCENT_COLOR_NAME = AccentColor;
				CODE_SIGN_STYLE = Automatic;
				DEVELOPMENT_TEAM = 79KDG8ZYHT;
				INFOPLIST_FILE = Square/Info.plist;
				LD_RUNPATH_SEARCH_PATHS = (
					"$(inherited)",
					"@executable_path/Frameworks",
				);
				PRODUCT_BUNDLE_IDENTIFIER = com.gannii.Square;
				PRODUCT_NAME = "$(TARGET_NAME)";
				SWIFT_VERSION = 5.0;
				TARGETED_DEVICE_FAMILY = "1,2";
			};
			name = Debug;
		};
		7F2C5055268ABEFF00AEAF1C /* Release */ = {
			isa = XCBuildConfiguration;
			baseConfigurationReference = 28D9AB88E8851526AE5225B7 /* Pods-Square.release.xcconfig */;
			buildSettings = {
				ASSETCATALOG_COMPILER_APPICON_NAME = AppIcon;
				ASSETCATALOG_COMPILER_GLOBAL_ACCENT_COLOR_NAME = AccentColor;
				CODE_SIGN_STYLE = Automatic;
				DEVELOPMENT_TEAM = 79KDG8ZYHT;
				INFOPLIST_FILE = Square/Info.plist;
				LD_RUNPATH_SEARCH_PATHS = (
					"$(inherited)",
					"@executable_path/Frameworks",
				);
				PRODUCT_BUNDLE_IDENTIFIER = com.gannii.Square;
				PRODUCT_NAME = "$(TARGET_NAME)";
				SWIFT_VERSION = 5.0;
				TARGETED_DEVICE_FAMILY = "1,2";
			};
			name = Release;
		};
/* End XCBuildConfiguration section */

/* Begin XCConfigurationList section */
		7F2C503A268ABEFD00AEAF1C /* Build configuration list for PBXProject "Square" */ = {
			isa = XCConfigurationList;
			buildConfigurations = (
				7F2C5051268ABEFF00AEAF1C /* Debug */,
				7F2C5052268ABEFF00AEAF1C /* Release */,
			);
			defaultConfigurationIsVisible = 0;
			defaultConfigurationName = Release;
		};
		7F2C5053268ABEFF00AEAF1C /* Build configuration list for PBXNativeTarget "Square" */ = {
			isa = XCConfigurationList;
			buildConfigurations = (
				7F2C5054268ABEFF00AEAF1C /* Debug */,
				7F2C5055268ABEFF00AEAF1C /* Release */,
			);
			defaultConfigurationIsVisible = 0;
			defaultConfigurationName = Release;
		};
/* End XCConfigurationList section */
	};
	rootObject = 7F2C5037268ABEFD00AEAF1C /* Project object */;
}
